
Microsoft Visual Studio Solution File, Format Version 12.00
# Visual Studio Version 16
VisualStudioVersion = 16.0.31729.503
MinimumVisualStudioVersion = 10.0.40219.1
Project("{FAE04EC0-301F-11D3-BF4B-00C04F79EFBC}") = "666Music", "666Music\666Music.csproj", "{D0294E7A-45DA-4CBA-885B-336C56A24C82}"
EndProject
Global
	GlobalSection(SolutionConfigurationPlatforms) = preSolution
		Debug|Any CPU = Debug|Any CPU
		Release|Any CPU = Release|Any CPU
	EndGlobalSection
	GlobalSection(ProjectConfigurationPlatforms) = postSolution
		{D0294E7A-45DA-4CBA-885B-336C56A24C82}.Debug|Any CPU.ActiveCfg = Debug|Any CPU
		{D0294E7A-45DA-4CBA-885B-336C56A24C82}.Debug|Any CPU.Build.0 = Debug|Any CPU
		{D0294E7A-45DA-4CBA-885B-336C56A24C82}.Release|Any CPU.ActiveCfg = Release|Any CPU
		{D0294E7A-45DA-4CBA-885B-336C56A24C82}.Release|Any CPU.Build.0 = Release|Any CPU
	EndGlobalSection
	GlobalSection(SolutionProperties) = preSolution
		HideSolutionNode = FALSE
	EndGlobalSection
	GlobalSection(ExtensibilityGlobals) = postSolution
		SolutionGuid = {B532F477-19DF-40EC-8AFE-DC56A2F613D9}
	EndGlobalSection
EndGlobal
